// !$*UTF8*$!
{
	archiveVersion = 1;
	classes = {
	};
	objectVersion = 50;
	objects = {

/* Begin PBXBuildFile section */
		A085D5372507FE1E00A1ADC1 /* AppDelegate.swift in Sources */ = {isa = PBXBuildFile; fileRef = A085D5362507FE1E00A1ADC1 /* AppDelegate.swift */; };
		A085D5392507FE1E00A1ADC1 /* SceneDelegate.swift in Sources */ = {isa = PBXBuildFile; fileRef = A085D5382507FE1E00A1ADC1 /* SceneDelegate.swift */; };
		A085D53B2507FE1E00A1ADC1 /* ViewController.swift in Sources */ = {isa = PBXBuildFile; fileRef = A085D53A2507FE1E00A1ADC1 /* ViewController.swift */; };
		A085D53E2507FE1E00A1ADC1 /* Main.storyboard in Resources */ = {isa = PBXBuildFile; fileRef = A085D53C2507FE1E00A1ADC1 /* Main.storyboard */; };
		A085D5402507FE2100A1ADC1 /* Assets.xcassets in Resources */ = {isa = PBXBuildFile; fileRef = A085D53F2507FE2100A1ADC1 /* Assets.xcassets */; };
		A085D5432507FE2100A1ADC1 /* LaunchScreen.storyboard in Resources */ = {isa = PBXBuildFile; fileRef = A085D5412507FE2100A1ADC1 /* LaunchScreen.storyboard */; };
/* End PBXBuildFile section */

/* Begin PBXFileReference section */
		A085D5332507FE1E00A1ADC1 /* gitSample.app */ = {isa = PBXFileReference; explicitFileType = wrapper.application; includeInIndex = 0; path = gitSample.app; sourceTree = BUILT_PRODUCTS_DIR; };
		A085D5362507FE1E00A1ADC1 /* AppDelegate.swift */ = {isa = PBXFileReference; lastKnownFileType = sourcecode.swift; path = AppDelegate.swift; sourceTree = "<group>"; };
		A085D5382507FE1E00A1ADC1 /* SceneDelegate.swift */ = {isa = PBXFileReference; lastKnownFileType = sourcecode.swift; path = SceneDelegate.swift; sourceTree = "<group>"; };
		A085D53A2507FE1E00A1ADC1 /* ViewController.swift */ = {isa = PBXFileReference; lastKnownFileType = sourcecode.swift; path = ViewController.swift; sourceTree = "<group>"; };
		A085D53D2507FE1E00A1ADC1 /* Base */ = {isa = PBXFileReference; lastKnownFileType = file.storyboard; name = Base; path = Base.lproj/Main.storyboard; sourceTree = "<group>"; };
		A085D53F2507FE2100A1ADC1 /* Assets.xcassets */ = {isa = PBXFileReference; lastKnownFileType = folder.assetcatalog; path = Assets.xcassets; sourceTree = "<group>"; };
		A085D5422507FE2100A1ADC1 /* Base */ = {isa = PBXFileReference; lastKnownFileType = file.storyboard; name = Base; path = Base.lproj/LaunchScreen.storyboard; sourceTree = "<group>"; };
		A085D5442507FE2100A1ADC1 /* Info.plist */ = {isa = PBXFileReference; lastKnownFileType = text.plist.xml; path = Info.plist; sourceTree = "<group>"; };
/* End PBXFileReference section */

/* Begin PBXFrameworksBuildPhase section */
		A085D5302507FE1E00A1ADC1 /* Frameworks */ = {
			isa = PBXFrameworksBuildPhase;
			buildActionMask = 2147483647;
			files = (
			);
			runOnlyForDeploymentPostprocessing = 0;
		};
/* End PBXFrameworksBuildPhase section */

/* Begin PBXGroup section */
		A085D52A2507FE1E00A1ADC1 = {
			isa = PBXGroup;
			children = (
				A085D5352507FE1E00A1ADC1 /* gitSample */,
				A085D5342507FE1E00A1ADC1 /* Products */,
			);
			sourceTree = "<group>";
		};
		A085D5342507FE1E00A1ADC1 /* Products */ = {
			isa = PBXGroup;
			children = (
				A085D5332507FE1E00A1ADC1 /* gitSample.app */,
			);
			name = Products;
			sourceTree = "<group>";
		};
		A085D5352507FE1E00A1ADC1 /* gitSample */ = {
			isa = PBXGroup;
			children = (
				A085D5362507FE1E00A1ADC1 /* AppDelegate.swift */,
				A085D5382507FE1E00A1ADC1 /* SceneDelegate.swift */,
				A085D53A2507FE1E00A1ADC1 /* ViewController.swift */,
				A085D53C2507FE1E00A1ADC1 /* Main.storyboard */,
				A085D53F2507FE2100A1ADC1 /* Assets.xcassets */,
				A085D5412507FE2100A1ADC1 /* LaunchScreen.storyboard */,
				A085D5442507FE2100A1ADC1 /* Info.plist */,
			);
			path = gitSample;
			sourceTree = "<group>";
		};
/* End PBXGroup section */

/* Begin PBXNativeTarget section */
		A085D5322507FE1E00A1ADC1 /* gitSample */ = {
			isa = PBXNativeTarget;
			buildConfigurationList = A085D5472507FE2100A1ADC1 /* Build configuration list for PBXNativeTarget "gitSample" */;
			buildPhases = (
				A085D52F2507FE1E00A1ADC1 /* Sources */,
				A085D5302507FE1E00A1ADC1 /* Frameworks */,
				A085D5312507FE1E00A1ADC1 /* Resources */,
			);
			buildRules = (
			);
			dependencies = (
			);
			name = gitSample;
			productName = gitSample;
			productReference = A085D5332507FE1E00A1ADC1 /* gitSample.app */;
			productType = "com.apple.product-type.application";
		};
/* End PBXNativeTarget section */

/* Begin PBXProject section */
		A085D52B2507FE1E00A1ADC1 /* Project object */ = {
			isa = PBXProject;
			attributes = {
				LastSwiftUpdateCheck = 1170;
				LastUpgradeCheck = 1170;
				ORGANIZATIONNAME = "Dima Khymych";
				TargetAttributes = {
					A085D5322507FE1E00A1ADC1 = {
						CreatedOnToolsVersion = 11.7;
					};
				};
			};
			buildConfigurationList = A085D52E2507FE1E00A1ADC1 /* Build configuration list for PBXProject "gitSample" */;
			compatibilityVersion = "Xcode 9.3";
			developmentRegion = en;
			hasScannedForEncodings = 0;
			knownRegions = (
				en,
				Base,
			);
			mainGroup = A085D52A2507FE1E00A1ADC1;
			productRefGroup = A085D5342507FE1E00A1ADC1 /* Products */;
			projectDirPath = "";
			projectRoot = "";
			targets = (
				A085D5322507FE1E00A1ADC1 /* gitSample */,
			);
		};
/* End PBXProject section */

/* Begin PBXResourcesBuildPhase section */
		A085D5312507FE1E00A1ADC1 /* Resources */ = {
			isa = PBXResourcesBuildPhase;
			buildActionMask = 2147483647;
			files = (
				A085D5432507FE2100A1ADC1 /* LaunchScreen.storyboard in Resources */,
				A085D5402507FE2100A1ADC1 /* Assets.xcassets in Resources */,
				A085D53E2507FE1E00A1ADC1 /* Main.storyboard in Resources */,
			);
			runOnlyForDeploymentPostprocessing = 0;
		};
/* End PBXResourcesBuildPhase section */

/* Begin PBXSourcesBuildPhase section */
		A085D52F2507FE1E00A1ADC1 /* Sources */ = {
			isa = PBXSourcesBuildPhase;
			buildActionMask = 2147483647;
			files = (
				A085D53B2507FE1E00A1ADC1 /* ViewController.swift in Sources */,
				A085D5372507FE1E00A1ADC1 /* AppDelegate.swift in Sources */,
				A085D5392507FE1E00A1ADC1 /* SceneDelegate.swift in Sources */,
			);
			runOnlyForDeploymentPostprocessing = 0;
		};
/* End PBXSourcesBuildPhase section */

/* Begin PBXVariantGroup section */
		A085D53C2507FE1E00A1ADC1 /* Main.storyboard */ = {
			isa = PBXVariantGroup;
			children = (
				A085D53D2507FE1E00A1ADC1 /* Base */,
			);
			name = Main.storyboard;
			sourceTree = "<group>";
		};
		A085D5412507FE2100A1ADC1 /* LaunchScreen.storyboard */ = {
			isa = PBXVariantGroup;
			children = (
				A085D5422507FE2100A1ADC1 /* Base */,
			);
			name = LaunchScreen.storyboard;
			sourceTree = "<group>";
		};
/* End PBXVariantGroup section */

/* Begin XCBuildConfiguration section */
		A085D5452507FE2100A1ADC1 /* Debug */ = {
			isa = XCBuildConfiguration;
			buildSettings = {
				ALWAYS_SEARCH_USER_PATHS = NO;
				CLANG_ANALYZER_NONNULL = YES;
				CLANG_ANALYZER_NUMBER_OBJECT_CONVERSION = YES_AGGRESSIVE;
				CLANG_CXX_LANGUAGE_STANDARD = "gnu++14";
				CLANG_CXX_LIBRARY = "libc++";
				CLANG_ENABLE_MODULES = YES;
				CLANG_ENABLE_OBJC_ARC = YES;
				CLANG_ENABLE_OBJC_WEAK = YES;
				CLANG_WARN_BLOCK_CAPTURE_AUTORELEASING = YES;
				CLANG_WARN_BOOL_CONVERSION = YES;
				CLANG_WARN_COMMA = YES;
				CLANG_WARN_CONSTANT_CONVERSION = YES;
				CLANG_WARN_DEPRECATED_OBJC_IMPLEMENTATIONS = YES;
				CLANG_WARN_DIRECT_OBJC_ISA_USAGE = YES_ERROR;
				CLANG_WARN_DOCUMENTATION_COMMENTS = YES;
				CLANG_WARN_EMPTY_BODY = YES;
				CLANG_WARN_ENUM_CONVERSION = YES;
				CLANG_WARN_INFINITE_RECURSION = YES;
				CLANG_WARN_INT_CONVERSION = YES;
				CLANG_WARN_NON_LITERAL_NULL_CONVERSION = YES;
				CLANG_WARN_OBJC_IMPLICIT_RETAIN_SELF = YES;
				CLANG_WARN_OBJC_LITERAL_CONVERSION = YES;
				CLANG_WARN_OBJC_ROOT_CLASS = YES_ERROR;
				CLANG_WARN_RANGE_LOOP_ANALYSIS = YES;
				CLANG_WARN_STRICT_PROTOTYPES = YES;
				CLANG_WARN_SUSPICIOUS_MOVE = YES;
				CLANG_WARN_UNGUARDED_AVAILABILITY = YES_AGGRESSIVE;
				CLANG_WARN_UNREACHABLE_CODE = YES;
				CLANG_WARN__DUPLICATE_METHOD_MATCH = YES;
				COPY_PHASE_STRIP = NO;
				DEBUG_INFORMATION_FORMAT = dwarf;
				ENABLE_STRICT_OBJC_MSGSEND = YES;
				ENABLE_TESTABILITY = YES;
				GCC_C_LANGUAGE_STANDARD = gnu11;
				GCC_DYNAMIC_NO_PIC = NO;
				GCC_NO_COMMON_BLOCKS = YES;
				GCC_OPTIMIZATION_LEVEL = 0;
				GCC_PREPROCESSOR_DEFINITIONS = (
					"DEBUG=1",
					"$(inherited)",
				);
				GCC_WARN_64_TO_32_BIT_CONVERSION = YES;
				GCC_WARN_ABOUT_RETURN_TYPE = YES_ERROR;
				GCC_WARN_UNDECLARED_SELECTOR = YES;
				GCC_WARN_UNINITIALIZED_AUTOS = YES_AGGRESSIVE;
				GCC_WARN_UNUSED_FUNCTION = YES;
				GCC_WARN_UNUSED_VARIABLE = YES;
				IPHONEOS_DEPLOYMENT_TARGET = 13.7;
				MTL_ENABLE_DEBUG_INFO = INCLUDE_SOURCE;
				MTL_FAST_MATH = YES;
				ONLY_ACTIVE_ARCH = YES;
				SDKROOT = iphoneos;
				SWIFT_ACTIVE_COMPILATION_CONDITIONS = DEBUG;
				SWIFT_OPTIMIZATION_LEVEL = "-Onone";
			};
			name = Debug;
		};
		A085D5462507FE2100A1ADC1 /* Release */ = {
			isa = XCBuildConfiguration;
			buildSettings = {
				ALWAYS_SEARCH_USER_PATHS = NO;
				CLANG_ANALYZER_NONNULL = YES;
				CLANG_ANALYZER_NUMBER_OBJECT_CONVERSION = YES_AGGRESSIVE;
				CLANG_CXX_LANGUAGE_STANDARD = "gnu++14";
				CLANG_CXX_LIBRARY = "libc++";
				CLANG_ENABLE_MODULES = YES;
				CLANG_ENABLE_OBJC_ARC = YES;
				CLANG_ENABLE_OBJC_WEAK = YES;
				CLANG_WARN_BLOCK_CAPTURE_AUTORELEASING = YES;
				CLANG_WARN_BOOL_CONVERSION = YES;
				CLANG_WARN_COMMA = YES;
				CLANG_WARN_CONSTANT_CONVERSION = YES;
				CLANG_WARN_DEPRECATED_OBJC_IMPLEMENTATIONS = YES;
				CLANG_WARN_DIRECT_OBJC_ISA_USAGE = YES_ERROR;
				CLANG_WARN_DOCUMENTATION_COMMENTS = YES;
				CLANG_WARN_EMPTY_BODY = YES;
				CLANG_WARN_ENUM_CONVERSION = YES;
				CLANG_WARN_INFINITE_RECURSION = YES;
				CLANG_WARN_INT_CONVERSION = YES;
				CLANG_WARN_NON_LITERAL_NULL_CONVERSION = YES;
				CLANG_WARN_OBJC_IMPLICIT_RETAIN_SELF = YES;
				CLANG_WARN_OBJC_LITERAL_CONVERSION = YES;
				CLANG_WARN_OBJC_ROOT_CLASS = YES_ERROR;
				CLANG_WARN_RANGE_LOOP_ANALYSIS = YES;
				CLANG_WARN_STRICT_PROTOTYPES = YES;
				CLANG_WARN_SUSPICIOUS_MOVE = YES;
				CLANG_WARN_UNGUARDED_AVAILABILITY = YES_AGGRESSIVE;
				CLANG_WARN_UNREACHABLE_CODE = YES;
				CLANG_WARN__DUPLICATE_METHOD_MATCH = YES;
				COPY_PHASE_STRIP = NO;
				DEBUG_INFORMATION_FORMAT = "dwarf-with-dsym";
				ENABLE_NS_ASSERTIONS = NO;
				ENABLE_STRICT_OBJC_MSGSEND = YES;
				GCC_C_LANGUAGE_STANDARD = gnu11;
				GCC_NO_COMMON_BLOCKS = YES;
				GCC_WARN_64_TO_32_BIT_CONVERSION = YES;
				GCC_WARN_ABOUT_RETURN_TYPE = YES_ERROR;
				GCC_WARN_UNDECLARED_SELECTOR = YES;
				GCC_WARN_UNINITIALIZED_AUTOS = YES_AGGRESSIVE;
				GCC_WARN_UNUSED_FUNCTION = YES;
				GCC_WARN_UNUSED_VARIABLE = YES;
				IPHONEOS_DEPLOYMENT_TARGET = 13.7;
				MTL_ENABLE_DEBUG_INFO = NO;
				MTL_FAST_MATH = YES;
				SDKROOT = iphoneos;
				SWIFT_COMPILATION_MODE = wholemodule;
				SWIFT_OPTIMIZATION_LEVEL = "-O";
				VALIDATE_PRODUCT = YES;
			};
			name = Release;
		};
		A085D5482507FE2100A1ADC1 /* Debug */ = {
			isa = XCBuildConfiguration;
			buildSettings = {
				ASSETCATALOG_COMPILER_APPICON_NAME = AppIcon;
				CODE_SIGN_STYLE = Automatic;
				DEVELOPMENT_TEAM = ZHM2MNN2HL;
				INFOPLIST_FILE = gitSample/Info.plist;
				IPHONEOS_DEPLOYMENT_TARGET = 13.0;
				LD_RUNPATH_SEARCH_PATHS = (
					"$(inherited)",
					"@executable_path/Frameworks",
				);
				PRODUCT_BUNDLE_IDENTIFIER = killerBe.gitSample;
				PRODUCT_NAME = "$(TARGET_NAME)";
				SWIFT_VERSION = 5.0;
				TARGETED_DEVICE_FAMILY = "1,2";
			};
			name = Debug;
		};
		A085D5492507FE2100A1ADC1 /* Release */ = {
			isa = XCBuildConfiguration;
			buildSettings = {
				ASSETCATALOG_COMPILER_APPICON_NAME = AppIcon;
				CODE_SIGN_STYLE = Automatic;
				DEVELOPMENT_TEAM = ZHM2MNN2HL;
				INFOPLIST_FILE = gitSample/Info.plist;
				IPHONEOS_DEPLOYMENT_TARGET = 13.0;
				LD_RUNPATH_SEARCH_PATHS = (
					"$(inherited)",
					"@executable_path/Frameworks",
				);
				PRODUCT_BUNDLE_IDENTIFIER = killerBe.gitSample;
				PRODUCT_NAME = "$(TARGET_NAME)";
				SWIFT_VERSION = 5.0;
				TARGETED_DEVICE_FAMILY = "1,2";
			};
			name = Release;
		};
/* End XCBuildConfiguration section */

/* Begin XCConfigurationList section */
		A085D52E2507FE1E00A1ADC1 /* Build configuration list for PBXProject "gitSample" */ = {
			isa = XCConfigurationList;
			buildConfigurations = (
				A085D5452507FE2100A1ADC1 /* Debug */,
				A085D5462507FE2100A1ADC1 /* Release */,
			);
			defaultConfigurationIsVisible = 0;
			defaultConfigurationName = Release;
		};
		A085D5472507FE2100A1ADC1 /* Build configuration list for PBXNativeTarget "gitSample" */ = {
			isa = XCConfigurationList;
			buildConfigurations = (
				A085D5482507FE2100A1ADC1 /* Debug */,
				A085D5492507FE2100A1ADC1 /* Release */,
			);
			defaultConfigurationIsVisible = 0;
			defaultConfigurationName = Release;
		};
/* End XCConfigurationList section */
	};
	rootObject = A085D52B2507FE1E00A1ADC1 /* Project object */;
}
